
Microsoft Visual Studio Solution File, Format Version 12.00
# Visual Studio Version 16
VisualStudioVersion = 16.0.30406.169
MinimumVisualStudioVersion = 10.0.40219.1
Project("{FAE04EC0-301F-11D3-BF4B-00C04F79EFBC}") = "wow", "wow\wow.csproj", "{1A8E20D6-8C69-4A1A-A1FE-7191FF1D7034}"
EndProject
Global
	GlobalSection(SolutionConfigurationPlatforms) = preSolution
		Debug|Any CPU = Debug|Any CPU
		Release|Any CPU = Release|Any CPU
	EndGlobalSection
	GlobalSection(ProjectConfigurationPlatforms) = postSolution
		{1A8E20D6-8C69-4A1A-A1FE-7191FF1D7034}.Debug|Any CPU.ActiveCfg = Debug|Any CPU
		{1A8E20D6-8C69-4A1A-A1FE-7191FF1D7034}.Debug|Any CPU.Build.0 = Debug|Any CPU
		{1A8E20D6-8C69-4A1A-A1FE-7191FF1D7034}.Release|Any CPU.ActiveCfg = Release|Any CPU
		{1A8E20D6-8C69-4A1A-A1FE-7191FF1D7034}.Release|Any CPU.Build.0 = Release|Any CPU
	EndGlobalSection
	GlobalSection(SolutionProperties) = preSolution
		HideSolutionNode = FALSE
	EndGlobalSection
	GlobalSection(ExtensibilityGlobals) = postSolution
		SolutionGuid = {CA778351-5ADA-43CB-88C5-FBD23B102D9D}
	EndGlobalSection
EndGlobal
